<?xml version="1.0" encoding="UTF-8" standalone="yes" ?>
<CodeBlocks_project_file>
	<FileVersion major="1" minor="6" />
	<Project>
		<Option title="SBR2" />
		<Option pch_mode="2" />
		<Option compiler="gcc" />
		<Build>
			<Target title="Debug">
				<Option output="bin/Debug/SBR2" prefix_auto="1" extension_auto="1" />
				<Option object_output="obj/Debug/" />
				<Option type="1" />
				<Option compiler="gcc" />
				<Option parameters="Frutas/BC-F.txt Frutas/Config-F.txt Frutas/BH-F1.txt" />
				<Compiler>
					<Add option="-g" />
					<Add directory="include" />
				</Compiler>
			</Target>
			<Target title="Release">
				<Option output="bin/Release/SBR2" prefix_auto="1" extension_auto="1" />
				<Option object_output="obj/Release/" />
				<Option type="1" />
				<Option compiler="gcc" />
				<Compiler>
					<Add option="-O2" />
					<Add directory="include" />
				</Compiler>
				<Linker>
					<Add option="-s" />
				</Linker>
			</Target>
		</Build>
		<Compiler>
			<Add option="-Wall" />
		</Compiler>
		<Unit filename="Frutas/BC-F.txt" />
		<Unit filename="Frutas/BC-I.txt" />
		<Unit filename="Frutas/BH-F1.txt" />
		<Unit filename="Frutas/BH-F2.txt" />
		<Unit filename="Frutas/BH-F3.txt" />
		<Unit filename="Frutas/BH-F4.txt" />
		<Unit filename="Frutas/Config-F.txt" />
		<Unit filename="include/Atributo.h" />
		<Unit filename="include/BaseConocimiento.h" />
		<Unit filename="include/BaseHechos.h" />
		<Unit filename="include/MecanismoInferencia.h" />
		<Unit filename="include/Regla.h" />
		<Unit filename="include/configuracion.h" />
		<Unit filename="src/Atributo.cpp" />
		<Unit filename="src/BaseConocimiento.cpp" />
		<Unit filename="src/BaseHechos.cpp" />
		<Unit filename="src/MecanismoInferencia.cpp" />
		<Unit filename="src/Regla.cpp" />
		<Unit filename="src/configuracion.cpp" />
		<Unit filename="src/main.cpp" />
		<Extensions>
			<code_completion />
			<envvars />
			<debugger />
		</Extensions>
	</Project>
</CodeBlocks_project_file>
